Microsoft Visual Studio Solution File, Format Version 12.00
# Visual Studio Version 17
VisualStudioVersion = 17.5.2.0
MinimumVisualStudioVersion = 10.0.40219.1
Project("{2150E333-8FDC-42A3-9474-1A3956D46DE8}") = "ResturantBackend", "ResturantBackend", "{607D46DD-8D27-989C-484D-F24DB5E831F5}"
EndProject
Project("{FAE04EC0-301F-11D3-BF4B-00C04F79EFBC}") = "ResturantBackend", "ResturantBackend\ResturantBackend\ResturantBackend.csproj", "{7EF8BEFE-657B-E794-541A-BAA8A883D124}"
EndProject
Global
	GlobalSection(SolutionConfigurationPlatforms) = preSolution
		Debug|Any CPU = Debug|Any CPU
		Release|Any CPU = Release|Any CPU
	EndGlobalSection
	GlobalSection(ProjectConfigurationPlatforms) = postSolution
		{7EF8BEFE-657B-E794-541A-BAA8A883D124}.Debug|Any CPU.ActiveCfg = Debug|Any CPU
		{7EF8BEFE-657B-E794-541A-BAA8A883D124}.Debug|Any CPU.Build.0 = Debug|Any CPU
		{7EF8BEFE-657B-E794-541A-BAA8A883D124}.Release|Any CPU.ActiveCfg = Release|Any CPU
		{7EF8BEFE-657B-E794-541A-BAA8A883D124}.Release|Any CPU.Build.0 = Release|Any CPU
	EndGlobalSection
	GlobalSection(SolutionProperties) = preSolution
		HideSolutionNode = FALSE
	EndGlobalSection
	GlobalSection(NestedProjects) = preSolution
		{7EF8BEFE-657B-E794-541A-BAA8A883D124} = {607D46DD-8D27-989C-484D-F24DB5E831F5}
	EndGlobalSection
	GlobalSection(ExtensibilityGlobals) = postSolution
		SolutionGuid = {048F61E1-D8A6-4B99-A838-5CE3214A9F6C}
	EndGlobalSection
EndGlobal
